{
    "_readme": [
        "This file locks the dependencies of your project to a known state",
        "Read more about it at https://getcomposer.org/doc/01-basic-usage.md#installing-dependencies",
        "This file is @generated automatically"
    ],
    "content-hash": "07e44f065a2086cdbe4ee55cab00be63",
    "packages": [
        {
            "name": "bramus/router",
            "version": "1.6",
            "source": {
                "type": "git",
                "url": "https://github.com/bramus/router.git",
                "reference": "d2cf97d5c471e272ac5a2a88b652bc75089c8ae3"
            },
            "dist": {
                "type": "zip",
                "url": "https://api.github.com/repos/bramus/router/zipball/d2cf97d5c471e272ac5a2a88b652bc75089c8ae3",
                "reference": "d2cf97d5c471e272ac5a2a88b652bc75089c8ae3",
                "shasum": ""
            },
            "require": {
                "php": ">=5.3.0"
            },
            "require-dev": {
                "friendsofphp/php-cs-fixer": "~2.14",
                "phpunit/php-code-coverage": "~2.0",
                "phpunit/phpunit": "~4.8"
            },
            "type": "library",
            "autoload": {
                "psr-0": {
                    "Bramus": "src/"
                }
            },
            "notification-url": "https://packagist.org/downloads/",
            "license": [
                "MIT"
            ],
            "authors": [
                {
                    "name": "Bram(us) Van Damme",
                    "email": "bramus@bram.us",
                    "homepage": "http://www.bram.us"
                }
            ],
            "description": "A lightweight and simple object oriented PHP Router",
            "homepage": "https://github.com/bramus/router",
            "keywords": [
                "router",
                "routing"
            ],
            "support": {
                "issues": "https://github.com/bramus/router/issues",
                "source": "https://github.com/bramus/router/tree/1.6"
            },
            "time": "2021-07-23T09:48:14+00:00"
        },
        {
            "name": "jamiecressey/php-mysql-session-handler",
            "version": "dev-master",
            "source": {
                "type": "git",
                "url": "https://github.com/JamieCressey/PHP-MySQL-Session-Handler.git",
                "reference": "7b1072a56f80a1eab6678d1313ac1db4802e05dc"
            },
            "dist": {
                "type": "zip",
                "url": "https://api.github.com/repos/JamieCressey/PHP-MySQL-Session-Handler/zipball/7b1072a56f80a1eab6678d1313ac1db4802e05dc",
                "reference": "7b1072a56f80a1eab6678d1313ac1db4802e05dc",
                "shasum": ""
            },
            "require": {
                "php": ">=5.4.0"
            },
            "suggest": {
                "jamiecressey/php-mysql-pdo-database-class": "Quick and effective MySQL PDO class"
            },
            "default-branch": true,
            "type": "library",
            "autoload": {
                "psr-4": {
                    "JamieCressey\\SessionHandler\\": "src/"
                }
            },
            "notification-url": "https://packagist.org/downloads/",
            "license": [
                "MIT"
            ],
            "authors": [
                {
                    "name": "Jamie Cressey",
                    "email": "jamiecressey89@gmail.com",
                    "homepage": "https://github.com/jamiecressey"
                }
            ],
            "description": "MySQL PHP Session Handler",
            "homepage": "http://github.com/jamiecressey/php-mysql-session-handler",
            "keywords": [
                "mysql",
                "php",
                "sessions"
            ],
            "support": {
                "issues": "https://github.com/JamieCressey/PHP-MySQL-Session-Handler/issues",
                "source": "https://github.com/JamieCressey/PHP-MySQL-Session-Handler/tree/master"
            },
            "time": "2015-10-07T21:00:49+00:00"
        }
    ],
    "packages-dev": [],
    "aliases": [],
    "minimum-stability": "stable",
    "stability-flags": {
        "jamiecressey/php-mysql-session-handler": 20
    },
    "prefer-stable": false,
    "prefer-lowest": false,
    "platform": {
        "ext-pdo": "*",
        "ext-mysqli": "*"
    },
    "platform-dev": [],
    "plugin-api-version": "2.1.0"
}
